# THIS IS AN AUTOGENERATED FILE. DO NOT EDIT THIS FILE DIRECTLY.
# yarn lockfile v1


"@pixi/accessibility@6.2.2":
  "integrity" "sha512-/mXRXCw67bmPY/OZ1Y1p747h3SSg7eqacIChAUJohjbcJK0R2EJRD2uVTspVIUpHPJA0ECNGBpKqk0C1Yzkj2w=="
  "resolved" "https://registry.npmjs.org/@pixi/accessibility/-/accessibility-6.2.2.tgz"
  "version" "6.2.2"

"@pixi/app@6.2.2":
  "integrity" "sha512-YBzVaSZGA842w2gsgqzxYwQMXeu2JZmSyiybi4raFsA35iOeMurXy7sEs5NP9JO+cjobJyx6echuHzZpKUjWsQ=="
  "resolved" "https://registry.npmjs.org/@pixi/app/-/app-6.2.2.tgz"
  "version" "6.2.2"

"@pixi/compressed-textures@6.2.2":
  "integrity" "sha512-ZjiqYCE6nGtsKTRa6w4W6Krh3vo4M3WT6lrP+VW6BfgUx3quEURt5GVFsFZrJpWF4yI1fShFmjBUOerrTLJGRQ=="
  "resolved" "https://registry.npmjs.org/@pixi/compressed-textures/-/compressed-textures-6.2.2.tgz"
  "version" "6.2.2"

"@pixi/constants@6.2.2":
  "integrity" "sha512-BKSoj/5SI+pQEatuCG5kXXWtCZmZZNMhfhXeqvYO/WNZ+LDxm6F4pllf0t7KjGs1ZBpNxVf6fyngF9Q5r3MgJQ=="
  "resolved" "https://registry.npmjs.org/@pixi/constants/-/constants-6.2.2.tgz"
  "version" "6.2.2"

"@pixi/core@6.2.2":
  "integrity" "sha512-XAqgdJ1w9k1ZUBXECm19rcnN2ngm+tOP74HkGw4qQay0biM3JS+wtX4fWQmZNGr8krf6lJrNbsghbtUy70uUaw=="
  "resolved" "https://registry.npmjs.org/@pixi/core/-/core-6.2.2.tgz"
  "version" "6.2.2"

"@pixi/display@6.2.2":
  "integrity" "sha512-8a0R+9rjlUUjb13nBA6ZNj9gygJqt38B63uIZ2inkhxpIQf0CLo2hNxkqCqXiMeRuGmOw1n6neEDMnHO1Ks+xA=="
  "resolved" "https://registry.npmjs.org/@pixi/display/-/display-6.2.2.tgz"
  "version" "6.2.2"

"@pixi/extract@6.2.2":
  "integrity" "sha512-w3gW1/VoHNqFEUNGRQBKm8dCdg816etbpbLExWctmPpNdyxos5N7DF44UMRFg40GPVBBNzYissrH/ojca4PFIA=="
  "resolved" "https://registry.npmjs.org/@pixi/extract/-/extract-6.2.2.tgz"
  "version" "6.2.2"

"@pixi/filter-alpha@6.2.2":
  "integrity" "sha512-CijLcgFdmivmSyZuM5Yyeo6R+PwalZp9OSoard1Oh5DBVvcRDn4m3cBM+nimR4YJbr0kiMbK4Ja8r+e2vwFVjA=="
  "resolved" "https://registry.npmjs.org/@pixi/filter-alpha/-/filter-alpha-6.2.2.tgz"
  "version" "6.2.2"

"@pixi/filter-blur@6.2.2":
  "integrity" "sha512-ApFqn2fMIipr3mRp/8dZ74qraGGzzPO/EzvltDqJLru9vGlbX6dKLXZ6w5H8D/uN6aQW1e4N1Nrtzk5mvJVQ3g=="
  "resolved" "https://registry.npmjs.org/@pixi/filter-blur/-/filter-blur-6.2.2.tgz"
  "version" "6.2.2"

"@pixi/filter-color-matrix@6.2.2":
  "integrity" "sha512-fQWbtKFWV29jKkq4d6TknEfQ5sF5OxcbJeZo0HJmgoV3FLZ0t21XE991CFI/TqDBo8U3wzUPZVbXxiFoDKmJ8w=="
  "resolved" "https://registry.npmjs.org/@pixi/filter-color-matrix/-/filter-color-matrix-6.2.2.tgz"
  "version" "6.2.2"

"@pixi/filter-displacement@6.2.2":
  "integrity" "sha512-cd9um4kNNIeqKA/wVZw+iha+XVbBOYBC8En5hk3ZXAIXxCHxOCz3KS+aOVejXH5EB/gMDPvNNwygn0SCpSGdKA=="
  "resolved" "https://registry.npmjs.org/@pixi/filter-displacement/-/filter-displacement-6.2.2.tgz"
  "version" "6.2.2"

"@pixi/filter-fxaa@6.2.2":
  "integrity" "sha512-e4qekMlsiEcjV0JRoqH3b34sk8yzT4jsROYPHzk0IiafE+nNNcF3vQmcmnfC0aGIyODzmNdzFLjlFkRRSviydA=="
  "resolved" "https://registry.npmjs.org/@pixi/filter-fxaa/-/filter-fxaa-6.2.2.tgz"
  "version" "6.2.2"

"@pixi/filter-noise@6.2.2":
  "integrity" "sha512-Jp4L6winS6ZGKpp76x3JyfEWnUMY44fQ90Ts3R3vKkZZFNDd3T4uisZ7YwvDKOhmSo5hY3lQkXaCg/YO5feXbw=="
  "resolved" "https://registry.npmjs.org/@pixi/filter-noise/-/filter-noise-6.2.2.tgz"
  "version" "6.2.2"

"@pixi/graphics@6.2.2":
  "integrity" "sha512-mQyd6ef6/EF5nt7M1OObBEb9FCXxIP6AT30H01Z2wnnCgu4qj8MHrJxTkQxSHynQ+eVVPswzpVizUQZHlIYZNw=="
  "resolved" "https://registry.npmjs.org/@pixi/graphics/-/graphics-6.2.2.tgz"
  "version" "6.2.2"

"@pixi/interaction@6.2.2":
  "integrity" "sha512-gpNLCPc+j+RZSZqbKbzVRf4fSlOlYm0xqUVn6JtNH1kc+d9AV7Nmw9but4osP/eodDWsWPQ+7sPKClHY36bKRA=="
  "resolved" "https://registry.npmjs.org/@pixi/interaction/-/interaction-6.2.2.tgz"
  "version" "6.2.2"

"@pixi/loaders@6.2.2":
  "integrity" "sha512-jwFM59GeMQpzuniw5PlC7kCoXZEaKrw31/ecR1sXKWDtHRyMtvXTuf+R+tSol/1ISQ55c0JBTuUbLPwp7hPvFQ=="
  "resolved" "https://registry.npmjs.org/@pixi/loaders/-/loaders-6.2.2.tgz"
  "version" "6.2.2"

"@pixi/math@6.2.2":
  "integrity" "sha512-TtsaooRRMc/WAZ4LKUDhP/d14BZElLjRNa2gopwTKUtrDa1KvzAMr8WJ8P+gaXl4DJ8B/MlgESdPhRUqVSUw0A=="
  "resolved" "https://registry.npmjs.org/@pixi/math/-/math-6.2.2.tgz"
  "version" "6.2.2"

"@pixi/mesh-extras@6.2.2":
  "integrity" "sha512-HFYWhWcV6gY7VYnMhz9OSEN14PPfVqLzWnglbegGEMqCbY/ZGsD8X99x/HLGQGd6L4FFto382q0Fj1xu+y/brg=="
  "resolved" "https://registry.npmjs.org/@pixi/mesh-extras/-/mesh-extras-6.2.2.tgz"
  "version" "6.2.2"

"@pixi/mesh@6.2.2":
  "integrity" "sha512-CsKFgTu2MP756sHeoCr9s4tHy2VmnDZPnvZ0ThV8QMnb5w3Z2qRDKlXSSIdNaQOxoAPKkqxIu0JbLK8kyX0oqw=="
  "resolved" "https://registry.npmjs.org/@pixi/mesh/-/mesh-6.2.2.tgz"
  "version" "6.2.2"

"@pixi/mixin-cache-as-bitmap@6.2.2":
  "integrity" "sha512-t3jZKGa/qoRMetMWmGkXz8Kp1Uzmb+2y4/adqu+RdIeG3D1oItuGux+R36ZQO6dVRv3R8s2/Dex0aACek171zw=="
  "resolved" "https://registry.npmjs.org/@pixi/mixin-cache-as-bitmap/-/mixin-cache-as-bitmap-6.2.2.tgz"
  "version" "6.2.2"

"@pixi/mixin-get-child-by-name@6.2.2":
  "integrity" "sha512-BBrniLAkzDex4HyvVdE/DjphzQu4pZ8Nc5aDRIbiS1s283/IXr2oTcoaW23kCjhX0xgu++XcJQQMMyv3mlblZQ=="
  "resolved" "https://registry.npmjs.org/@pixi/mixin-get-child-by-name/-/mixin-get-child-by-name-6.2.2.tgz"
  "version" "6.2.2"

"@pixi/mixin-get-global-position@6.2.2":
  "integrity" "sha512-Rz7DHn6koYFEeVG36rKiMwoTD+elJKqwQ24HHw0BAKz1VwGagBi0ZTcJ+nWplBOrw6ZPKfdOBwGQLXD7ODg8lQ=="
  "resolved" "https://registry.npmjs.org/@pixi/mixin-get-global-position/-/mixin-get-global-position-6.2.2.tgz"
  "version" "6.2.2"

"@pixi/particle-container@6.2.2":
  "integrity" "sha512-DYbSCcUiVLeM4sKZkzAp3F6dz3idyP1jecxbFqNmRjWRyMv7uXIO42rxGJMrd6BzA5j7DkywI3X0SqhhSZP7Ag=="
  "resolved" "https://registry.npmjs.org/@pixi/particle-container/-/particle-container-6.2.2.tgz"
  "version" "6.2.2"

"@pixi/polyfill@6.2.2":
  "integrity" "sha512-Fd5KnjrqG9Vwgl9sDfPvNeqW3/d+hG9Du7H3y5PmItBnu9wXldTtA+I5D0BLsL/wjjjCQLbPVFKwCJj511XfBw=="
  "resolved" "https://registry.npmjs.org/@pixi/polyfill/-/polyfill-6.2.2.tgz"
  "version" "6.2.2"
  dependencies:
    "object-assign" "^4.1.1"
    "promise-polyfill" "^8.2.0"

"@pixi/prepare@6.2.2":
  "integrity" "sha512-kJojn/6zEcao+XQyU+zWkBmQr0Tgeju3F9JYBpPQ8MKIUJYvDQDtRxYo9A6Xzxk8FJ373s2Ext/OelX2FcR3HQ=="
  "resolved" "https://registry.npmjs.org/@pixi/prepare/-/prepare-6.2.2.tgz"
  "version" "6.2.2"

"@pixi/runner@6.2.2":
  "integrity" "sha512-q7bc6Eu2XplGzCQBOhbv32P0z48ixW/Su6epT9IOfDi2iTiPjB5Sxp9e+DZDFIzvkfLzgr67Ddy51YMvOp5sQg=="
  "resolved" "https://registry.npmjs.org/@pixi/runner/-/runner-6.2.2.tgz"
  "version" "6.2.2"

"@pixi/settings@6.2.2":
  "integrity" "sha512-eQv0ykSwnJUd/LF4MuaFoL+eBNG+EUPAVfsnlsez/Y09aqwIzJyAjRx+uGp9adQ3XHXwYt2l2wINn+foF1y/8A=="
  "resolved" "https://registry.npmjs.org/@pixi/settings/-/settings-6.2.2.tgz"
  "version" "6.2.2"
  dependencies:
    "ismobilejs" "^1.1.0"

"@pixi/sprite-animated@6.2.2":
  "integrity" "sha512-MNkVIuC06aXn8bgfWyqQE8vmclCVLgmHB//hssr/1IFCVmnEEYZLyeWErkIA87grY3iV7tGOILEYSa3pod4XEg=="
  "resolved" "https://registry.npmjs.org/@pixi/sprite-animated/-/sprite-animated-6.2.2.tgz"
  "version" "6.2.2"

"@pixi/sprite-tiling@6.2.2":
  "integrity" "sha512-HQ9RVObmwyPq+PM2wm2UEIMdsvWg96ymSz0NOh9bOfMSme18vSWv0Rbidv/FziQT8x6MpoLpYke0DYMGtbu0tA=="
  "resolved" "https://registry.npmjs.org/@pixi/sprite-tiling/-/sprite-tiling-6.2.2.tgz"
  "version" "6.2.2"

"@pixi/sprite@6.2.2":
  "integrity" "sha512-Imr+sJWFh5GtarW3FBBUzedSexfijg7OL0A6qwMDHA011gjyVeRZ15uXP8fgIwUoHoMLsU6xk85jcucM9RfWuw=="
  "resolved" "https://registry.npmjs.org/@pixi/sprite/-/sprite-6.2.2.tgz"
  "version" "6.2.2"

"@pixi/spritesheet@6.2.2":
  "integrity" "sha512-TZodC/pf+CW/8kZN+RPzObXWSPgYv1pp+foUnOHb7w8AyFnMljeqBPiUfLQaMzw91TI9AHLihoeeofqZ4wMpww=="
  "resolved" "https://registry.npmjs.org/@pixi/spritesheet/-/spritesheet-6.2.2.tgz"
  "version" "6.2.2"

"@pixi/text-bitmap@6.2.2":
  "integrity" "sha512-pJZM0o68n6cUFUdolvpuuloMccdQqvTc3CLzhLu9xW9HLx7NeFjZEQWTGQea8GXsGa1RhvlMd9x3AiVSNMI2FA=="
  "resolved" "https://registry.npmjs.org/@pixi/text-bitmap/-/text-bitmap-6.2.2.tgz"
  "version" "6.2.2"

"@pixi/text@6.2.2":
  "integrity" "sha512-Hi6MO/QhllZ4IWkr7MBzImzHB88XXKlF5E9xt1vUBhdZb3KsQD+cPx+bNCFWn6ZMWDmOloJekzRkkSl3KrfBSw=="
  "resolved" "https://registry.npmjs.org/@pixi/text/-/text-6.2.2.tgz"
  "version" "6.2.2"

"@pixi/ticker@6.2.2":
  "integrity" "sha512-tF3cRtcYnj3U3HFQ0IJKvAxFU1YUM96T0p8Qh478xZhvGxYGnjrQDPmjXePb4NocAdG5adb6//2uvQOd7o4rHg=="
  "resolved" "https://registry.npmjs.org/@pixi/ticker/-/ticker-6.2.2.tgz"
  "version" "6.2.2"

"@pixi/utils@6.2.2":
  "integrity" "sha512-rpS6QolFuRmm/QcKm5PYHOCkX6okl9a00u2osaMbmPP+l7XLATTxSsFhw64UbSNR+zmzsrhreRFBVFn3tf8K6w=="
  "resolved" "https://registry.npmjs.org/@pixi/utils/-/utils-6.2.2.tgz"
  "version" "6.2.2"
  dependencies:
    "@types/earcut" "^2.1.0"
    "earcut" "^2.2.2"
    "eventemitter3" "^3.1.0"
    "url" "^0.11.0"

"@types/earcut@^2.1.0":
  "integrity" "sha512-w8oigUCDjElRHRRrMvn/spybSMyX8MTkKA5Dv+tS1IE/TgmNZPqUYtvYBXGY8cieSE66gm+szeK+bnbxC2xHTQ=="
  "resolved" "https://registry.npmjs.org/@types/earcut/-/earcut-2.1.1.tgz"
  "version" "2.1.1"

"abs-svg-path@^0.1.1":
  "integrity" "sha1-32Acjo0roQ1KdtYl4japo5wnI78="
  "resolved" "https://registry.yarnpkg.com/abs-svg-path/-/abs-svg-path-0.1.1.tgz"
  "version" "0.1.1"

"adaptive-bezier-curve@^1.0.3":
  "integrity" "sha1-R3V3q+h9coDUbKQWSfbCJkb+gic="
  "resolved" "https://registry.yarnpkg.com/adaptive-bezier-curve/-/adaptive-bezier-curve-1.0.3.tgz"
  "version" "1.0.3"

"almost-equal@^1.1.0":
  "integrity" "sha1-+FHGMROHV5lCdqou++jfowZszN0="
  "resolved" "https://registry.yarnpkg.com/almost-equal/-/almost-equal-1.1.0.tgz"
  "version" "1.1.0"

"almost-equal@0.0.0":
  "integrity" "sha1-56Wms0V7Z8g+4ARPmo0HY3NV8C0="
  "resolved" "https://registry.yarnpkg.com/almost-equal/-/almost-equal-0.0.0.tgz"
  "version" "0.0.0"

"an-array@^1.0.0":
  "integrity" "sha1-wSWlu4JXd4419LT2qpx9D6nkJmU="
  "resolved" "https://registry.yarnpkg.com/an-array/-/an-array-1.0.0.tgz"
  "version" "1.0.0"

"ansi-styles@^4.1.0":
  "integrity" "sha512-zbB9rCJAT1rbjiVDb2hqKFHNYLxgtk8NURxZ3IZwD3F6NtxbXZQCnnSi1Lkx+IDohdPlFp222wVALIheZJQSEg=="
  "resolved" "https://registry.npmjs.org/ansi-styles/-/ansi-styles-4.3.0.tgz"
  "version" "4.3.0"
  dependencies:
    "color-convert" "^2.0.1"

"array-almost-equal@^1.0.0":
  "integrity" "sha1-Q8VP9DUELpy/pCEqxJraX8c1n8U="
  "resolved" "https://registry.yarnpkg.com/array-almost-equal/-/array-almost-equal-1.0.0.tgz"
  "version" "1.0.0"
  dependencies:
    "almost-equal" "0.0.0"
    "an-array" "^1.0.0"

"async@^2.6.2":
  "integrity" "sha512-zflvls11DCy+dQWzTW2dzuilv8Z5X/pjfmZOWba6TNIVDm+2UDaJmXSOXlasHKfNBs8oo3M0aT50fDEWfKZjXg=="
  "resolved" "https://registry.npmjs.org/async/-/async-2.6.3.tgz"
  "version" "2.6.3"
  dependencies:
    "lodash" "^4.17.14"

"basic-auth@^2.0.1":
  "integrity" "sha512-NF+epuEdnUYVlGuhaxbbq+dvJttwLnGY+YixlXlME5KpQ5W3CnXA5cVTneY3SPbPDRkcjMbifrwmFYcClgOZeg=="
  "resolved" "https://registry.npmjs.org/basic-auth/-/basic-auth-2.0.1.tgz"
  "version" "2.0.1"
  dependencies:
    "safe-buffer" "5.1.2"

"call-bind@^1.0.0", "call-bind@^1.0.2":
  "integrity" "sha512-7O+FbCihrB5WGbFYesctwmTKae6rOiIzmz1icreWJ+0aA7LJfuqhEso2T9ncpcFtzMQtzXf2QGGueWJGTYsqrA=="
  "resolved" "https://registry.npmjs.org/call-bind/-/call-bind-1.0.2.tgz"
  "version" "1.0.2"
  dependencies:
    "function-bind" "^1.1.1"
    "get-intrinsic" "^1.0.2"

"canvas-sketch-util@^1.10.0":
  "integrity" "sha512-IiJWEQDBinl6KZVLYcdp79ZJXXKsS1HuDUoWtwWh0NJMVUA6jaM0pxcBRYiaujBXjQFPT91pl8L9iFFmma3+zA=="
  "resolved" "https://registry.yarnpkg.com/canvas-sketch-util/-/canvas-sketch-util-1.10.0.tgz"
  "version" "1.10.0"
  dependencies:
    "abs-svg-path" "^0.1.1"
    "almost-equal" "^1.1.0"
    "array-almost-equal" "^1.0.0"
    "clone" "^2.1.2"
    "color-luminance" "^2.1.0"
    "convert-length" "^1.0.1"
    "d3-path" "^1.0.8"
    "defined" "^1.0.0"
    "float-hsl2rgb" "^1.0.2"
    "float-rgb2hsl" "^1.0.1"
    "lineclip" "^1.1.5"
    "normalize-svg-path" "^1.0.1"
    "parse-color" "^1.0.0"
    "parse-svg-path" "^0.1.2"
    "primitive-quad" "^2.0.0"
    "regl" "^1.3.7"
    "seed-random" "^2.2.0"
    "simplex-noise" "^2.4.0"
    "svg-path-contours" "^2.0.0"

"canvas-sketch@^0.7.4":
  "integrity" "sha512-CSmzohS6PXFctDnPmNU0r4Mj9AGXsaOZciZv5Bh1Cb0lhIDaaAXsTkQKFrY1HzhUfNWwqoXUcjwcXAIWKdCxTA=="
  "resolved" "https://registry.npmjs.org/canvas-sketch/-/canvas-sketch-0.7.4.tgz"
  "version" "0.7.4"
  dependencies:
    "convert-length" "^1.0.1"
    "dateformat" "^3.0.3"
    "deep-equal" "^1.0.1"
    "get-canvas-context" "^1.0.2"
    "is-class" "0.0.5"
    "is-dom" "^1.0.9"
    "is-promise" "^2.1.0"
    "object-assign" "^4.1.1"
    "pad-left" "^2.1.0"
    "right-now" "^1.0.0"

"chalk@^4.1.2":
  "integrity" "sha512-oKnbhFyRIXpUuez8iBMmyEa4nbj4IOQyuhc/wy9kY7/WVPcwIO9VA668Pu8RkO7+0G76SLROeyw9CpQ061i4mA=="
  "resolved" "https://registry.npmjs.org/chalk/-/chalk-4.1.2.tgz"
  "version" "4.1.2"
  dependencies:
    "ansi-styles" "^4.1.0"
    "supports-color" "^7.1.0"

"clone@^2.1.2":
  "integrity" "sha1-G39Ln1kfHo+DZwQBYANFoCiHQ18="
  "resolved" "https://registry.yarnpkg.com/clone/-/clone-2.1.2.tgz"
  "version" "2.1.2"

"color-convert@^2.0.1":
  "integrity" "sha512-RRECPsj7iu/xb5oKYcsFHSppFNnsj/52OVTRKb4zP5onXwVF3zVmmToNcOfGC+CRDpfK/U584fMg38ZHCaElKQ=="
  "resolved" "https://registry.npmjs.org/color-convert/-/color-convert-2.0.1.tgz"
  "version" "2.0.1"
  dependencies:
    "color-name" "~1.1.4"

"color-convert@~0.5.0":
  "integrity" "sha1-vbbGnOZg+t/+CwAHzER+G59ygr0="
  "resolved" "https://registry.yarnpkg.com/color-convert/-/color-convert-0.5.3.tgz"
  "version" "0.5.3"

"color-luminance@^2.1.0":
  "integrity" "sha1-WP8uvTK1LQf1N47v5aDnnWsxitc="
  "resolved" "https://registry.yarnpkg.com/color-luminance/-/color-luminance-2.1.0.tgz"
  "version" "2.1.0"

"color-name@~1.1.4":
  "integrity" "sha512-dOy+3AuW3a2wNbZHIuMZpTcgjGuLU/uBL/ubcZF9OXbDo8ff4O8yVp5Bf0efS8uEoYo5q4Fx7dY9OgQGXgAsQA=="
  "resolved" "https://registry.npmjs.org/color-name/-/color-name-1.1.4.tgz"
  "version" "1.1.4"

"convert-length@^1.0.1":
  "integrity" "sha512-w94Vge3sck6J1NHuA0du367/JTbj1zfjTapX7ixR2W+KlU4zb+NRTbou3x9nTpm5vlcXmjoaUJQpVN9pULCdxQ=="
  "resolved" "https://registry.yarnpkg.com/convert-length/-/convert-length-1.0.1.tgz"
  "version" "1.0.1"
  dependencies:
    "defined" "^1.0.0"

"corser@^2.0.1":
  "integrity" "sha1-jtolLsqrWEDc2XXOuQ2TcMgZ/4c="
  "resolved" "https://registry.npmjs.org/corser/-/corser-2.0.1.tgz"
  "version" "2.0.1"

"d3-path@^1.0.8":
  "integrity" "sha512-VLaYcn81dtHVTjEHd8B+pbe9yHWpXKZUC87PzoFmsFrJqgFwDe/qxfp5MlfsfM1V5E/iVt0MmEbWQ7FVIXh/bg=="
  "resolved" "https://registry.yarnpkg.com/d3-path/-/d3-path-1.0.9.tgz"
  "version" "1.0.9"

"dateformat@^3.0.3":
  "integrity" "sha512-jyCETtSl3VMZMWeRo7iY1FL19ges1t55hMo5yaam4Jrsm5EPL89UQkoQRyiI+Yf4k8r2ZpdngkV8hr1lIdjb3Q=="
  "resolved" "https://registry.npmjs.org/dateformat/-/dateformat-3.0.3.tgz"
  "version" "3.0.3"

"debug@^3.1.1":
  "integrity" "sha512-CFjzYYAi4ThfiQvizrFQevTTXHtnCqWfe7x1AhgEscTz6ZbLbfoLRLPugTQyBth6f8ZERVUSyWHFD/7Wu4t1XQ=="
  "resolved" "https://registry.npmjs.org/debug/-/debug-3.2.7.tgz"
  "version" "3.2.7"
  dependencies:
    "ms" "^2.1.1"

"deep-equal@^1.0.1":
  "integrity" "sha512-yd9c5AdiqVcR+JjcwUQb9DkhJc8ngNr0MahEBGvDiJw8puWab2yZlh+nkasOnZP+EGTAP6rRp2JzJhJZzvNF8g=="
  "resolved" "https://registry.npmjs.org/deep-equal/-/deep-equal-1.1.1.tgz"
  "version" "1.1.1"
  dependencies:
    "is-arguments" "^1.0.4"
    "is-date-object" "^1.0.1"
    "is-regex" "^1.0.4"
    "object-is" "^1.0.1"
    "object-keys" "^1.1.1"
    "regexp.prototype.flags" "^1.2.0"

"define-properties@^1.1.3":
  "integrity" "sha512-3MqfYKj2lLzdMSf8ZIZE/V+Zuy+BgD6f164e8K2w7dgnpKArBDerGYpM46IYYcjnkdPNMjPk9A6VFB8+3SKlXQ=="
  "resolved" "https://registry.npmjs.org/define-properties/-/define-properties-1.1.3.tgz"
  "version" "1.1.3"
  dependencies:
    "object-keys" "^1.0.12"

"defined@^1.0.0":
  "integrity" "sha1-yY2bzvdWdBiOEQlpFRGZ45sfppM="
  "resolved" "https://registry.yarnpkg.com/defined/-/defined-1.0.0.tgz"
  "version" "1.0.0"

"earcut@^2.2.2":
  "integrity" "sha512-iRDI1QeCQIhMCZk48DRDMVgQSSBDmbzzNhnxIo+pwx3swkfjMh6vh0nWLq1NdvGHLKH6wIrAM3vQWeTj6qeoug=="
  "resolved" "https://registry.npmjs.org/earcut/-/earcut-2.2.3.tgz"
  "version" "2.2.3"

"eventemitter3@^3.1.0":
  "integrity" "sha512-tvtQIeLVHjDkJYnzf2dgVMxfuSGJeM/7UCG17TT4EumTfNtF+0nebF/4zWOIkCreAbtNqhGEboB6BWrwqNaw4Q=="
  "resolved" "https://registry.npmjs.org/eventemitter3/-/eventemitter3-3.1.2.tgz"
  "version" "3.1.2"

"eventemitter3@^4.0.0":
  "integrity" "sha512-8guHBZCwKnFhYdHr2ysuRWErTwhoN2X8XELRlrRwpmfeY2jjuUN4taQMsULKUVo1K4DvZl+0pgfyoysHxvmvEw=="
  "resolved" "https://registry.npmjs.org/eventemitter3/-/eventemitter3-4.0.7.tgz"
  "version" "4.0.7"

"float-hsl2rgb@^1.0.2":
  "integrity" "sha1-7PNQnECsZWfJaiBGIrDExL9DyKE="
  "resolved" "https://registry.yarnpkg.com/float-hsl2rgb/-/float-hsl2rgb-1.0.2.tgz"
  "version" "1.0.2"

"float-rgb2hsl@^1.0.1":
  "integrity" "sha1-jv6qD8cm5TNjp5vz9jYIIFXBDA4="
  "resolved" "https://registry.yarnpkg.com/float-rgb2hsl/-/float-rgb2hsl-1.0.1.tgz"
  "version" "1.0.1"

"follow-redirects@^1.0.0":
  "integrity" "sha512-MQDfihBQYMcyy5dhRDJUHcw7lb2Pv/TuE6xP1vyraLukNDHKbDxDNaOE3NbCAdKQApno+GPRyo1YAp89yCjK4w=="
  "resolved" "https://registry.npmjs.org/follow-redirects/-/follow-redirects-1.14.9.tgz"
  "version" "1.14.9"

"function-bind@^1.1.1":
  "integrity" "sha512-yIovAzMX49sF8Yl58fSCWJ5svSLuaibPxXQJFLmBObTuCr0Mf1KiPopGM9NiFjiYBCbfaa2Fh6breQ6ANVTI0A=="
  "resolved" "https://registry.npmjs.org/function-bind/-/function-bind-1.1.1.tgz"
  "version" "1.1.1"

"get-canvas-context@^1.0.2":
  "integrity" "sha1-1ue1C8TkyGNXzTnyJkeoS3NgHpM="
  "resolved" "https://registry.npmjs.org/get-canvas-context/-/get-canvas-context-1.0.2.tgz"
  "version" "1.0.2"

"get-intrinsic@^1.0.2":
  "integrity" "sha512-kWZrnVM42QCiEA2Ig1bG8zjoIMOgxWwYCEeNdwY6Tv/cOSeGpcoX4pXHfKUxNKVoArnrEr2e9srnAxxGIraS9Q=="
  "resolved" "https://registry.npmjs.org/get-intrinsic/-/get-intrinsic-1.1.1.tgz"
  "version" "1.1.1"
  dependencies:
    "function-bind" "^1.1.1"
    "has" "^1.0.3"
    "has-symbols" "^1.0.1"

"has-flag@^4.0.0":
  "integrity" "sha512-EykJT/Q1KjTWctppgIAgfSO0tKVuZUjhgMr17kqTumMl6Afv3EISleU7qZUzoXDFTAHTDC4NOoG/ZxU3EvlMPQ=="
  "resolved" "https://registry.npmjs.org/has-flag/-/has-flag-4.0.0.tgz"
  "version" "4.0.0"

"has-symbols@^1.0.1", "has-symbols@^1.0.2":
  "integrity" "sha512-chXa79rL/UC2KlX17jo3vRGz0azaWEx5tGqZg5pO3NUyEJVB17dMruQlzCCOfUvElghKcm5194+BCRvi2Rv/Gw=="
  "resolved" "https://registry.npmjs.org/has-symbols/-/has-symbols-1.0.2.tgz"
  "version" "1.0.2"

"has-tostringtag@^1.0.0":
  "integrity" "sha512-kFjcSNhnlGV1kyoGk7OXKSawH5JOb/LzUc5w9B02hOTO0dfFRjbHQKvg1d6cf3HbeUmtU9VbbV3qzZ2Teh97WQ=="
  "resolved" "https://registry.npmjs.org/has-tostringtag/-/has-tostringtag-1.0.0.tgz"
  "version" "1.0.0"
  dependencies:
    "has-symbols" "^1.0.2"

"has@^1.0.3":
  "integrity" "sha512-f2dvO0VU6Oej7RkWJGrehjbzMAjFp5/VKPp5tTpWIV4JHHZK1/BxbFRtf/siA2SWTe09caDmVtYYzWEIbBS4zw=="
  "resolved" "https://registry.npmjs.org/has/-/has-1.0.3.tgz"
  "version" "1.0.3"
  dependencies:
    "function-bind" "^1.1.1"

"he@^1.2.0":
  "integrity" "sha512-F/1DnUGPopORZi0ni+CvrCgHQ5FyEAHRLSApuYWMmrbSwoN2Mn/7k+Gl38gJnR7yyDZk6WLXwiGod1JOWNDKGw=="
  "resolved" "https://registry.npmjs.org/he/-/he-1.2.0.tgz"
  "version" "1.2.0"

"html-encoding-sniffer@^3.0.0":
  "integrity" "sha512-oWv4T4yJ52iKrufjnyZPkrN0CH3QnrUqdB6In1g5Fe1mia8GmF36gnfNySxoZtxD5+NmYw1EElVXiBk93UeskA=="
  "resolved" "https://registry.npmjs.org/html-encoding-sniffer/-/html-encoding-sniffer-3.0.0.tgz"
  "version" "3.0.0"
  dependencies:
    "whatwg-encoding" "^2.0.0"

"http-proxy@^1.18.1":
  "integrity" "sha512-7mz/721AbnJwIVbnaSv1Cz3Am0ZLT/UBwkC92VlxhXv/k/BBQfM2fXElQNC27BVGr0uwUpplYPQM9LnaBMR5NQ=="
  "resolved" "https://registry.npmjs.org/http-proxy/-/http-proxy-1.18.1.tgz"
  "version" "1.18.1"
  dependencies:
    "eventemitter3" "^4.0.0"
    "follow-redirects" "^1.0.0"
    "requires-port" "^1.0.0"

"http-server@^14.1.0":
  "integrity" "sha512-5lYsIcZtf6pdR8tCtzAHTWrAveo4liUlJdWc7YafwK/maPgYHs+VNP6KpCClmUnSorJrARVMXqtT055zBv11Yg=="
  "resolved" "https://registry.npmjs.org/http-server/-/http-server-14.1.0.tgz"
  "version" "14.1.0"
  dependencies:
    "basic-auth" "^2.0.1"
    "chalk" "^4.1.2"
    "corser" "^2.0.1"
    "he" "^1.2.0"
    "html-encoding-sniffer" "^3.0.0"
    "http-proxy" "^1.18.1"
    "mime" "^1.6.0"
    "minimist" "^1.2.5"
    "opener" "^1.5.1"
    "portfinder" "^1.0.28"
    "secure-compare" "3.0.1"
    "union" "~0.5.0"
    "url-join" "^4.0.1"

"iconv-lite@0.6.3":
  "integrity" "sha512-4fCk79wshMdzMp2rH06qWrJE4iolqLhCUH+OiuIgU++RB0+94NlDL81atO7GX55uUKueo0txHNtvEyI6D7WdMw=="
  "resolved" "https://registry.npmjs.org/iconv-lite/-/iconv-lite-0.6.3.tgz"
  "version" "0.6.3"
  dependencies:
    "safer-buffer" ">= 2.1.2 < 3.0.0"

"is-arguments@^1.0.4":
  "integrity" "sha512-8Q7EARjzEnKpt/PCD7e1cgUS0a6X8u5tdSiMqXhojOdoV9TsMsiO+9VLC5vAmO8N7/GmXn7yjR8qnA6bVAEzfA=="
  "resolved" "https://registry.npmjs.org/is-arguments/-/is-arguments-1.1.1.tgz"
  "version" "1.1.1"
  dependencies:
    "call-bind" "^1.0.2"
    "has-tostringtag" "^1.0.0"

"is-class@0.0.5":
  "integrity" "sha512-jOquneoRNrqbpDgh4hKicrMcGIl7jopvIJaWI+LyDVRzZrQy819qBaYSofOyUMTo/x5Jelvs8G5v/ptdySWy6A=="
  "resolved" "https://registry.npmjs.org/is-class/-/is-class-0.0.5.tgz"
  "version" "0.0.5"

"is-date-object@^1.0.1":
  "integrity" "sha512-9YQaSxsAiSwcvS33MBk3wTCVnWK+HhF8VZR2jRxehM16QcVOdHqPn4VPHmRK4lSr38n9JriurInLcP90xsYNfQ=="
  "resolved" "https://registry.npmjs.org/is-date-object/-/is-date-object-1.0.5.tgz"
  "version" "1.0.5"
  dependencies:
    "has-tostringtag" "^1.0.0"

"is-dom@^1.0.9":
  "integrity" "sha512-u82f6mvhYxRPKpw8V1N0W8ce1xXwOrQtgGcxl6UCL5zBmZu3is/18K0rR7uFCnMDuAsS/3W54mGL4vsaFUQlEQ=="
  "resolved" "https://registry.npmjs.org/is-dom/-/is-dom-1.1.0.tgz"
  "version" "1.1.0"
  dependencies:
    "is-object" "^1.0.1"
    "is-window" "^1.0.2"

"is-object@^1.0.1":
  "integrity" "sha512-2rRIahhZr2UWb45fIOuvZGpFtz0TyOZLf32KxBbSoUCeZR495zCKlWUKKUByk3geS2eAs7ZAABt0Y/Rx0GiQGA=="
  "resolved" "https://registry.npmjs.org/is-object/-/is-object-1.0.2.tgz"
  "version" "1.0.2"

"is-promise@^2.1.0":
  "integrity" "sha512-+lP4/6lKUBfQjZ2pdxThZvLUAafmZb8OAxFb8XXtiQmS35INgr85hdOGoEs124ez1FCnZJt6jau/T+alh58QFQ=="
  "resolved" "https://registry.npmjs.org/is-promise/-/is-promise-2.2.2.tgz"
  "version" "2.2.2"

"is-regex@^1.0.4":
  "integrity" "sha512-kvRdxDsxZjhzUX07ZnLydzS1TU/TJlTUHHY4YLL87e37oUA49DfkLqgy+VjFocowy29cKvcSiu+kIv728jTTVg=="
  "resolved" "https://registry.npmjs.org/is-regex/-/is-regex-1.1.4.tgz"
  "version" "1.1.4"
  dependencies:
    "call-bind" "^1.0.2"
    "has-tostringtag" "^1.0.0"

"is-window@^1.0.2":
  "integrity" "sha1-LIlspT25feRdPDMTOmXYyfVjSA0="
  "resolved" "https://registry.npmjs.org/is-window/-/is-window-1.0.2.tgz"
  "version" "1.0.2"

"ismobilejs@^1.1.0":
  "integrity" "sha512-VaFW53yt8QO61k2WJui0dHf4SlL8lxBofUuUmwBo0ljPk0Drz2TiuDW4jo3wDcv41qy/SxrJ+VAzJ/qYqsmzRw=="
  "resolved" "https://registry.npmjs.org/ismobilejs/-/ismobilejs-1.1.1.tgz"
  "version" "1.1.1"

"lineclip@^1.1.5":
  "integrity" "sha1-K/JgZ9lDVP6r+R5CdoI221YW/RM="
  "resolved" "https://registry.yarnpkg.com/lineclip/-/lineclip-1.1.5.tgz"
  "version" "1.1.5"

"lodash@^4.17.14":
  "integrity" "sha512-v2kDEe57lecTulaDIuNTPy3Ry4gLGJ6Z1O3vE1krgXZNrsQ+LFTGHVxVjcXPs17LhbZVGedAJv8XZ1tvj5FvSg=="
  "resolved" "https://registry.npmjs.org/lodash/-/lodash-4.17.21.tgz"
  "version" "4.17.21"

"mime@^1.6.0":
  "integrity" "sha512-x0Vn8spI+wuJ1O6S7gnbaQg8Pxh4NNHb7KSINmEWKiPE4RKOplvijn+NkmYmmRgP68mc70j2EbeTFRsrswaQeg=="
  "resolved" "https://registry.npmjs.org/mime/-/mime-1.6.0.tgz"
  "version" "1.6.0"

"minimist@^1.2.5":
  "integrity" "sha512-FM9nNUYrRBAELZQT3xeZQ7fmMOBg6nWNmJKTcgsJeaLstP/UODVpGsr5OhXhhXg6f+qtJ8uiZ+PUxkDWcgIXLw=="
  "resolved" "https://registry.npmjs.org/minimist/-/minimist-1.2.5.tgz"
  "version" "1.2.5"

"mkdirp@^0.5.5":
  "integrity" "sha512-NKmAlESf6jMGym1++R0Ra7wvhV+wFW63FaSOFPwRahvea0gMUcGUhVeAg/0BC0wiv9ih5NYPB1Wn1UEI1/L+xQ=="
  "resolved" "https://registry.npmjs.org/mkdirp/-/mkdirp-0.5.5.tgz"
  "version" "0.5.5"
  dependencies:
    "minimist" "^1.2.5"

"ms@^2.1.1":
  "integrity" "sha512-6FlzubTLZG3J2a/NVCAleEhjzq5oxgHyaCU9yYXvcLsvoVaHJq/s5xXI6/XXP6tz7R9xAOtHnSO/tXtF3WRTlA=="
  "resolved" "https://registry.npmjs.org/ms/-/ms-2.1.3.tgz"
  "version" "2.1.3"

"normalize-svg-path@^0.1.0":
  "integrity" "sha1-RWNg5g7Odfvve11+FgSA5//Rb+U="
  "resolved" "https://registry.yarnpkg.com/normalize-svg-path/-/normalize-svg-path-0.1.0.tgz"
  "version" "0.1.0"

"normalize-svg-path@^1.0.1":
  "integrity" "sha512-r9KHKG2UUeB5LoTouwDzBy2VxXlHsiM6fyLQvnJa0S5hrhzqElH/CH7TUGhT1fVvIYBIKf3OpY4YJ4CK+iaqHg=="
  "resolved" "https://registry.yarnpkg.com/normalize-svg-path/-/normalize-svg-path-1.1.0.tgz"
  "version" "1.1.0"
  dependencies:
    "svg-arc-to-cubic-bezier" "^3.0.0"

"object-assign@^4.1.1":
  "integrity" "sha1-IQmtx5ZYh8/AXLvUQsrIv7s2CGM="
  "resolved" "https://registry.npmjs.org/object-assign/-/object-assign-4.1.1.tgz"
  "version" "4.1.1"

"object-inspect@^1.9.0":
  "integrity" "sha512-Ho2z80bVIvJloH+YzRmpZVQe87+qASmBUKZDWgx9cu+KDrX2ZDH/3tMy+gXbZETVGs2M8YdxObOh7XAtim9Y0g=="
  "resolved" "https://registry.npmjs.org/object-inspect/-/object-inspect-1.12.0.tgz"
  "version" "1.12.0"

"object-is@^1.0.1":
  "integrity" "sha512-3cyDsyHgtmi7I7DfSSI2LDp6SK2lwvtbg0p0R1e0RvTqF5ceGx+K2dfSjm1bKDMVCFEDAQvy+o8c6a7VujOddw=="
  "resolved" "https://registry.npmjs.org/object-is/-/object-is-1.1.5.tgz"
  "version" "1.1.5"
  dependencies:
    "call-bind" "^1.0.2"
    "define-properties" "^1.1.3"

"object-keys@^1.0.12", "object-keys@^1.1.1":
  "integrity" "sha512-NuAESUOUMrlIXOfHKzD6bpPu3tYt3xvjNdRIQ+FeT0lNb4K8WR70CaDxhuNguS2XG+GjkyMwOzsN5ZktImfhLA=="
  "resolved" "https://registry.npmjs.org/object-keys/-/object-keys-1.1.1.tgz"
  "version" "1.1.1"

"opener@^1.5.1":
  "integrity" "sha512-ur5UIdyw5Y7yEj9wLzhqXiy6GZ3Mwx0yGI+5sMn2r0N0v3cKJvUmFH5yPP+WXh9e0xfyzyJX95D8l088DNFj7A=="
  "resolved" "https://registry.npmjs.org/opener/-/opener-1.5.2.tgz"
  "version" "1.5.2"

"pad-left@^2.1.0":
  "integrity" "sha1-FuajstRKjhOMsIOMx8tAOk/J6ZQ="
  "resolved" "https://registry.npmjs.org/pad-left/-/pad-left-2.1.0.tgz"
  "version" "2.1.0"
  dependencies:
    "repeat-string" "^1.5.4"

"parse-color@^1.0.0":
  "integrity" "sha1-e3SLlag/A/FqlPU15S1/PZRlhhk="
  "resolved" "https://registry.yarnpkg.com/parse-color/-/parse-color-1.0.0.tgz"
  "version" "1.0.0"
  dependencies:
    "color-convert" "~0.5.0"

"parse-svg-path@^0.1.2":
  "integrity" "sha1-en7A0esG+lMlx9PgCbhZoJtdSes="
  "resolved" "https://registry.yarnpkg.com/parse-svg-path/-/parse-svg-path-0.1.2.tgz"
  "version" "0.1.2"

"pixi.js@^6.2.2":
  "integrity" "sha512-/xCnJUsWTZuacR6JYTnRbUb+5grzlqpp2O1Ub7bCZCE3FApTCs7nMNYeLfdeP+np/MlGaM+SsPh2cXcafR3OZw=="
  "resolved" "https://registry.npmjs.org/pixi.js/-/pixi.js-6.2.2.tgz"
  "version" "6.2.2"
  dependencies:
    "@pixi/accessibility" "6.2.2"
    "@pixi/app" "6.2.2"
    "@pixi/compressed-textures" "6.2.2"
    "@pixi/constants" "6.2.2"
    "@pixi/core" "6.2.2"
    "@pixi/display" "6.2.2"
    "@pixi/extract" "6.2.2"
    "@pixi/filter-alpha" "6.2.2"
    "@pixi/filter-blur" "6.2.2"
    "@pixi/filter-color-matrix" "6.2.2"
    "@pixi/filter-displacement" "6.2.2"
    "@pixi/filter-fxaa" "6.2.2"
    "@pixi/filter-noise" "6.2.2"
    "@pixi/graphics" "6.2.2"
    "@pixi/interaction" "6.2.2"
    "@pixi/loaders" "6.2.2"
    "@pixi/math" "6.2.2"
    "@pixi/mesh" "6.2.2"
    "@pixi/mesh-extras" "6.2.2"
    "@pixi/mixin-cache-as-bitmap" "6.2.2"
    "@pixi/mixin-get-child-by-name" "6.2.2"
    "@pixi/mixin-get-global-position" "6.2.2"
    "@pixi/particle-container" "6.2.2"
    "@pixi/polyfill" "6.2.2"
    "@pixi/prepare" "6.2.2"
    "@pixi/runner" "6.2.2"
    "@pixi/settings" "6.2.2"
    "@pixi/sprite" "6.2.2"
    "@pixi/sprite-animated" "6.2.2"
    "@pixi/sprite-tiling" "6.2.2"
    "@pixi/spritesheet" "6.2.2"
    "@pixi/text" "6.2.2"
    "@pixi/text-bitmap" "6.2.2"
    "@pixi/ticker" "6.2.2"
    "@pixi/utils" "6.2.2"

"portfinder@^1.0.28":
  "integrity" "sha512-Se+2isanIcEqf2XMHjyUKskczxbPH7dQnlMjXX6+dybayyHvAf/TCgyMRlzf/B6QDhAEFOGes0pzRo3by4AbMA=="
  "resolved" "https://registry.npmjs.org/portfinder/-/portfinder-1.0.28.tgz"
  "version" "1.0.28"
  dependencies:
    "async" "^2.6.2"
    "debug" "^3.1.1"
    "mkdirp" "^0.5.5"

"primitive-quad@^2.0.0":
  "integrity" "sha1-wgmT5PlgAjiSa7UA5SkFMEPvius="
  "resolved" "https://registry.yarnpkg.com/primitive-quad/-/primitive-quad-2.0.0.tgz"
  "version" "2.0.0"

"promise-polyfill@^8.2.0":
  "integrity" "sha512-Og0+jCRQetV84U8wVjMNccfGCnMQ9mGs9Hv78QFe+pSDD3gWTpz0y+1QCuxy5d/vBFuZ3iwP2eycAkvqIMPmWg=="
  "resolved" "https://registry.npmjs.org/promise-polyfill/-/promise-polyfill-8.2.3.tgz"
  "version" "8.2.3"

"punycode@1.3.2":
  "integrity" "sha1-llOgNvt8HuQjQvIyXM7v6jkmxI0="
  "resolved" "https://registry.npmjs.org/punycode/-/punycode-1.3.2.tgz"
  "version" "1.3.2"

"qs@^6.4.0":
  "integrity" "sha512-wr7M2E0OFRfIfJZjKGieI8lBKb7fRCH4Fv5KNPEs7gJ8jadvotdsS08PzOKR7opXhZ/Xkjtt3WF9g38drmyRqQ=="
  "resolved" "https://registry.npmjs.org/qs/-/qs-6.10.3.tgz"
  "version" "6.10.3"
  dependencies:
    "side-channel" "^1.0.4"

"querystring@0.2.0":
  "integrity" "sha1-sgmEkgO7Jd+CDadW50cAWHhSFiA="
  "resolved" "https://registry.npmjs.org/querystring/-/querystring-0.2.0.tgz"
  "version" "0.2.0"

"regexp.prototype.flags@^1.2.0":
  "integrity" "sha512-JiBdRBq91WlY7uRJ0ds7R+dU02i6LKi8r3BuQhNXn+kmeLN+EfHhfjqMRis1zJxnlu88hq/4dx0P2OP3APRTOA=="
  "resolved" "https://registry.npmjs.org/regexp.prototype.flags/-/regexp.prototype.flags-1.3.1.tgz"
  "version" "1.3.1"
  dependencies:
    "call-bind" "^1.0.2"
    "define-properties" "^1.1.3"

"regl@^1.3.7":
  "integrity" "sha512-bEAtp/qrtKucxXSJkD4ebopFZYP0q1+3Vb2WECWv/T8yQEgKxDxJ7ztO285tAMaYZVR6mM1GgI6CCn8FROtL1w=="
  "resolved" "https://registry.yarnpkg.com/regl/-/regl-1.7.0.tgz"
  "version" "1.7.0"

"repeat-string@^1.5.4":
  "integrity" "sha1-jcrkcOHIirwtYA//Sndihtp15jc="
  "resolved" "https://registry.npmjs.org/repeat-string/-/repeat-string-1.6.1.tgz"
  "version" "1.6.1"

"requires-port@^1.0.0":
  "integrity" "sha1-kl0mAdOaxIXgkc8NpcbmlNw9yv8="
  "resolved" "https://registry.npmjs.org/requires-port/-/requires-port-1.0.0.tgz"
  "version" "1.0.0"

"right-now@^1.0.0":
  "integrity" "sha1-bolgne69fc2vja7Mmuo5z1haCRg="
  "resolved" "https://registry.npmjs.org/right-now/-/right-now-1.0.0.tgz"
  "version" "1.0.0"

"safe-buffer@5.1.2":
  "integrity" "sha512-Gd2UZBJDkXlY7GbJxfsE8/nvKkUEU1G38c1siN6QP6a9PT9MmHB8GnpscSmMJSoF8LOIrt8ud/wPtojys4G6+g=="
  "resolved" "https://registry.npmjs.org/safe-buffer/-/safe-buffer-5.1.2.tgz"
  "version" "5.1.2"

"safer-buffer@>= 2.1.2 < 3.0.0":
  "integrity" "sha512-YZo3K82SD7Riyi0E1EQPojLz7kpepnSQI9IyPbHHg1XXXevb5dJI7tpyN2ADxGcQbHG7vcyRHk0cbwqcQriUtg=="
  "resolved" "https://registry.npmjs.org/safer-buffer/-/safer-buffer-2.1.2.tgz"
  "version" "2.1.2"

"secure-compare@3.0.1":
  "integrity" "sha1-8aAymzCLIh+uN7mXTz1XjQypmeM="
  "resolved" "https://registry.npmjs.org/secure-compare/-/secure-compare-3.0.1.tgz"
  "version" "3.0.1"

"seed-random@^2.2.0":
  "integrity" "sha1-KpsZ4lCoFwmSMaW5mk2vgLf77VQ="
  "resolved" "https://registry.yarnpkg.com/seed-random/-/seed-random-2.2.0.tgz"
  "version" "2.2.0"

"side-channel@^1.0.4":
  "integrity" "sha512-q5XPytqFEIKHkGdiMIrY10mvLRvnQh42/+GoBlFW3b2LXLE2xxJpZFdm94we0BaoV3RwJyGqg5wS7epxTv0Zvw=="
  "resolved" "https://registry.npmjs.org/side-channel/-/side-channel-1.0.4.tgz"
  "version" "1.0.4"
  dependencies:
    "call-bind" "^1.0.0"
    "get-intrinsic" "^1.0.2"
    "object-inspect" "^1.9.0"

"simplex-noise@^2.4.0":
  "integrity" "sha512-OjyDWm/QZjVbMrPxDVi9b2as+SeNn9EBXlrWVRlFW+TSyWMSXouDryXkQN0vf5YP+QZKobrmkvx1eQYPLtuqfw=="
  "resolved" "https://registry.yarnpkg.com/simplex-noise/-/simplex-noise-2.4.0.tgz"
  "version" "2.4.0"

"supports-color@^7.1.0":
  "integrity" "sha512-qpCAvRl9stuOHveKsn7HncJRvv501qIacKzQlO/+Lwxc9+0q2wLyv4Dfvt80/DPn2pqOBsJdDiogXGR9+OvwRw=="
  "resolved" "https://registry.npmjs.org/supports-color/-/supports-color-7.2.0.tgz"
  "version" "7.2.0"
  dependencies:
    "has-flag" "^4.0.0"

"svg-arc-to-cubic-bezier@^3.0.0":
  "integrity" "sha512-djbJ/vZKZO+gPoSDThGNpKDO+o+bAeA4XQKovvkNCqnIS2t+S4qnLAGQhyyrulhCFRl1WWzAp0wUDV8PpTVU3g=="
  "resolved" "https://registry.yarnpkg.com/svg-arc-to-cubic-bezier/-/svg-arc-to-cubic-bezier-3.2.0.tgz"
  "version" "3.2.0"

"svg-path-contours@^2.0.0":
  "integrity" "sha1-x2oSlCnbBette2Hk0cWNEUqJOKI="
  "resolved" "https://registry.yarnpkg.com/svg-path-contours/-/svg-path-contours-2.0.0.tgz"
  "version" "2.0.0"
  dependencies:
    "abs-svg-path" "^0.1.1"
    "adaptive-bezier-curve" "^1.0.3"
    "normalize-svg-path" "^0.1.0"
    "vec2-copy" "^1.0.0"

"tweakpane@^3.0.5":
  "integrity" "sha512-rgxqoo6T10atYoKHVif6aYlAMIAlHJ84hi5LXqi6ZgVEPcmnzPI34C88y6HquarBY0ZKE/ZCXVaZm8NibhQRtA=="
  "resolved" "https://registry.npmjs.org/tweakpane/-/tweakpane-3.0.7.tgz"
  "version" "3.0.7"

"union@~0.5.0":
  "integrity" "sha512-N6uOhuW6zO95P3Mel2I2zMsbsanvvtgn6jVqJv4vbVcz/JN0OkL9suomjQGmWtxJQXOCqUJvquc1sMeNz/IwlA=="
  "resolved" "https://registry.npmjs.org/union/-/union-0.5.0.tgz"
  "version" "0.5.0"
  dependencies:
    "qs" "^6.4.0"

"url-join@^4.0.1":
  "integrity" "sha512-jk1+QP6ZJqyOiuEI9AEWQfju/nB2Pw466kbA0LEZljHwKeMgd9WrAEgEGxjPDD2+TNbbb37rTyhEfrCXfuKXnA=="
  "resolved" "https://registry.npmjs.org/url-join/-/url-join-4.0.1.tgz"
  "version" "4.0.1"

"url@^0.11.0":
  "integrity" "sha1-ODjpfPxgUh63PFJajlW/3Z4uKPE="
  "resolved" "https://registry.npmjs.org/url/-/url-0.11.0.tgz"
  "version" "0.11.0"
  dependencies:
    "punycode" "1.3.2"
    "querystring" "0.2.0"

"vec2-copy@^1.0.0":
  "integrity" "sha1-xu7B2NrVRiUZTl9x+EM7YtLyCno="
  "resolved" "https://registry.yarnpkg.com/vec2-copy/-/vec2-copy-1.0.0.tgz"
  "version" "1.0.0"

"whatwg-encoding@^2.0.0":
  "integrity" "sha512-p41ogyeMUrw3jWclHWTQg1k05DSVXPLcVxRTYsXUk+ZooOCZLcoYgPZ/HL/D/N+uQPOtcp1me1WhBEaX02mhWg=="
  "resolved" "https://registry.npmjs.org/whatwg-encoding/-/whatwg-encoding-2.0.0.tgz"
  "version" "2.0.0"
  dependencies:
    "iconv-lite" "0.6.3"
